<?xml version="1.0" encoding="utf-8"?>
<Project ToolsVersion="4.0" xmlns="http://schemas.microsoft.com/developer/msbuild/2003">
  <ItemGroup>
    <Filter Include="Source Files">
      <UniqueIdentifier>{4FC737F1-C7A5-4376-A066-2A32D752A2FF}</UniqueIdentifier>
      <Extensions>cpp;c;cc;cxx;def;odl;idl;hpj;bat;asm;asmx</Extensions>
    </Filter>
    <Filter Include="Header Files">
      <UniqueIdentifier>{93995380-89BD-4b04-88EB-625FBE52EBFB}</UniqueIdentifier>
      <Extensions>h;hh;hpp;hxx;hm;inl;inc;xsd</Extensions>
    </Filter>
    <Filter Include="Resource Files">
      <UniqueIdentifier>{67DA6AB6-F800-4c08-8B7A-83BB121AAD01}</UniqueIdentifier>
      <Extensions>rc;ico;cur;bmp;dlg;rc2;rct;bin;rgs;gif;jpg;jpeg;jpe;resx;tiff;tif;png;wav;mfcribbon-ms</Extensions>
    </Filter>
  </ItemGroup>
  <ItemGroup>
    <ClCompile Include="source\XSCRunMain.cxx">
      <Filter>Source Files</Filter>
    </ClCompile>
    <ClCompile Include="source\XSCBase\XSC_Base.cxx">
      <Filter>Source Files</Filter>
    </ClCompile>
    <ClCompile Include="source\XSCBase\XSC_SingletonProvider.cxx">
      <Filter>Source Files</Filter>
    </ClCompile>
    <ClCompile Include="source\XSCExe\XSC_DynamicTypeDefinition.cxx">
      <Filter>Source Files</Filter>
    </ClCompile>
    <ClCompile Include="source\XSCExe\XSC_HeartBeat.cxx">
      <Filter>Source Files</Filter>
    </ClCompile>
    <ClCompile Include="source\XSCExe\XSC_NodeViewer.cxx">
      <Filter>Source Files</Filter>
    </ClCompile>
    <ClCompile Include="source\XSCExe\XSC_ParseXml.cxx">
      <Filter>Source Files</Filter>
    </ClCompile>
    <ClCompile Include="source\XSCExe\XSC_Program.cxx">
      <Filter>Source Files</Filter>
    </ClCompile>
    <ClCompile Include="thirdparty\tinyXML\tinyxml2.cpp">
      <Filter>Source Files</Filter>
    </ClCompile>
    <ClCompile Include="source\XSCBase\XSC_EnumTableProvider.cxx">
      <Filter>Source Files</Filter>
    </ClCompile>
  </ItemGroup>
  <ItemGroup>
    <ClInclude Include="include\XSCBase\XSC_Base.hxx">
      <Filter>Header Files</Filter>
    </ClInclude>
    <ClInclude Include="include\XSCBase\XSC_Scheduler.h">
      <Filter>Header Files</Filter>
    </ClInclude>
    <ClInclude Include="include\XSCBase\XSC_SingletonProvider.hxx">
      <Filter>Header Files</Filter>
    </ClInclude>
    <ClInclude Include="include\XSCBase\XSC_TData.hxx">
      <Filter>Header Files</Filter>
    </ClInclude>
    <ClInclude Include="include\XSCBase\XSC_TDataPtr.h">
      <Filter>Header Files</Filter>
    </ClInclude>
    <ClInclude Include="include\XSCBase\XSC_TEnum.hxx">
      <Filter>Header Files</Filter>
    </ClInclude>
    <ClInclude Include="include\XSCBase\XSC_TMemoryBlockPtr.h">
      <Filter>Header Files</Filter>
    </ClInclude>
    <ClInclude Include="include\XSCBase\XSC_TypeLibrary.h">
      <Filter>Header Files</Filter>
    </ClInclude>
    <ClInclude Include="include\XSCExe\XSC_DynamicTypeDefinition.h">
      <Filter>Header Files</Filter>
    </ClInclude>
    <ClInclude Include="include\XSCExe\XSC_HeartBeat.h">
      <Filter>Header Files</Filter>
    </ClInclude>
    <ClInclude Include="include\XSCExe\XSC_NodeViewer.h">
      <Filter>Header Files</Filter>
    </ClInclude>
    <ClInclude Include="include\XSCExe\XSC_ParseXml.h">
      <Filter>Header Files</Filter>
    </ClInclude>
    <ClInclude Include="include\XSCExe\XSC_Program.h">
      <Filter>Header Files</Filter>
    </ClInclude>
    <ClInclude Include="include\XSCUtility\XSC_Logger.h">
      <Filter>Header Files</Filter>
    </ClInclude>
    <ClInclude Include="include\XSCUtility\XSC_SpaceModel.hxx">
      <Filter>Header Files</Filter>
    </ClInclude>
    <ClInclude Include="include\XSCUtility\XSC_StringTools.h">
      <Filter>Header Files</Filter>
    </ClInclude>
    <ClInclude Include="include\XSCUtility\XSC_Typename.h">
      <Filter>Header Files</Filter>
    </ClInclude>
    <ClInclude Include="include\XSCUtility\XSC_UtilityFunctions.h">
      <Filter>Header Files</Filter>
    </ClInclude>
    <ClInclude Include="thirdparty\tinyXML\tinyxml2.h">
      <Filter>Header Files</Filter>
    </ClInclude>
    <ClInclude Include="include\XSCBase\XSC_SafePointer.hxx">
      <Filter>Header Files</Filter>
    </ClInclude>
    <ClInclude Include="include\XSCBase\XSC_EnumTableProvider.h">
      <Filter>Header Files</Filter>
    </ClInclude>
  </ItemGroup>
</Project>